// ! Xcode project file for ESPAtomizer-iOS
// Generated: SwiftUI, iOS 17.0, Bundle ID: com.adamibus.ESPAtomizer-iOS
// Minimal, but Xcode-compatible

{
  archiveVersion = 1;
  classes = {};
  objectVersion = 55;
  objects = {

/* Begin PBXFileReference section */
    F1A1B1C1D1E1F1A1B1C1D1E1 /* ESPAtomizerApp.swift */ = { isa = PBXFileReference; lastKnownFileType = sourcecode.swift; path = "ESPAtomizerApp.swift"; sourceTree = "<group>"; };
    F2A2B2C2D2E2F2A2B2C2D2E2 /* ContentView.swift */ = { isa = PBXFileReference; lastKnownFileType = sourcecode.swift; path = "ContentView.swift"; sourceTree = "<group>"; };
    F3A3B3C3D3E3F3A3B3C3D3E3 /* Info.plist */ = { isa = PBXFileReference; lastKnownFileType = text.plist.xml; path = "Info.plist"; sourceTree = "<group>"; };
/* End PBXFileReference section */

/* Begin PBXGroup section */
    MAIN_GROUP = {
      isa = PBXGroup;
      children = (
        F1A1B1C1D1E1F1A1B1C1D1E1 /* ESPAtomizerApp.swift */,
        F2A2B2C2D2E2F2A2B2C2D2E2 /* ContentView.swift */,
        F3A3B3C3D3E3F3A3B3C3D3E3 /* Info.plist */,
      );
      path = "";
      sourceTree = "<group>";
    };
/* End PBXGroup section */

/* Begin PBXSourcesBuildPhase section */
    SOURCES_BUILD_PHASE = {
      isa = PBXSourcesBuildPhase;
      buildActionMask = 2147483647;
      files = (
        FILE_REF_1,
        FILE_REF_2,
      );
      runOnlyForDeploymentPostprocessing = 0;
    };
/* End PBXSourcesBuildPhase section */

/* Begin PBXResourcesBuildPhase section */
    RESOURCES_BUILD_PHASE = {
      isa = PBXResourcesBuildPhase;
      buildActionMask = 2147483647;
      files = (
        FILE_REF_3,
      );
      runOnlyForDeploymentPostprocessing = 0;
    };
/* End PBXResourcesBuildPhase section */

/* Begin PBXBuildFile section */
    FILE_REF_1 = { isa = PBXBuildFile; fileRef = F1A1B1C1D1E1F1A1B1C1D1E1; };
    FILE_REF_2 = { isa = PBXBuildFile; fileRef = F2A2B2C2D2E2F2A2B2C2D2E2; };
    FILE_REF_3 = { isa = PBXBuildFile; fileRef = F3A3B3C3D3E3F3A3B3C3D3E3; };
/* End PBXBuildFile section */

/* Begin PBXNativeTarget section */
    TARGET_UUID = {
      isa = PBXNativeTarget;
      buildConfigurationList = BUILD_CONFIG_LIST;
      buildPhases = (
        SOURCES_BUILD_PHASE,
        RESOURCES_BUILD_PHASE,
      );
      buildRules = ();
      dependencies = ();
      name = "ESPAtomizer-iOS";
      productName = "ESPAtomizer-iOS";
      productReference = PRODUCT_FILE_REF;
      productType = "com.apple.product-type.application";
    };
/* End PBXNativeTarget section */

/* Begin XCBuildConfiguration section */
    DEBUG_CONFIG = {
      isa = XCBuildConfiguration;
      buildSettings = {
        ALWAYS_EMBED_SWIFT_STANDARD_LIBRARIES = NO;
        DEVELOPMENT_TEAM = "";
        INFO_PLIST_FILE = "Info.plist";
        IPHONEOS_DEPLOYMENT_TARGET = 17.0;
        PRODUCT_BUNDLE_IDENTIFIER = "com.adamibus.ESPAtomizer-iOS";
        SWIFT_VERSION = 5.0;
      };
      name = Debug;
    };
    RELEASE_CONFIG = {
      isa = XCBuildConfiguration;
      buildSettings = {
        ALWAYS_EMBED_SWIFT_STANDARD_LIBRARIES = NO;
        DEVELOPMENT_TEAM = "";
        INFO_PLIST_FILE = "Info.plist";
        IPHONEOS_DEPLOYMENT_TARGET = 17.0;
        PRODUCT_BUNDLE_IDENTIFIER = "com.adamibus.ESPAtomizer-iOS";
        SWIFT_VERSION = 5.0;
      };
      name = Release;
    };
/* End XCBuildConfiguration section */

/* Begin XCConfigurationList section */
    BUILD_CONFIG_LIST = {
      isa = XCConfigurationList;
      buildConfigurations = (
        DEBUG_CONFIG,
        RELEASE_CONFIG,
      );
      defaultConfigurationIsVisible = 0;
      defaultConfigurationName = Release;
    };
/* End XCConfigurationList section */

/* Product reference (application) */
    PRODUCT_FILE_REF = {
      isa = PBXFileReference;
      lastKnownFileType = "wrapper.application";
      path = "ESPAtomizer-iOS.app";
      sourceTree = BUILT_PRODUCTS_DIR;
    };

    PBXProject_MAIN = {
      isa = PBXProject;
      attributes = {
        LastUpgradeCheck = 1430;
        ORGANIZATIONNAME = "Adamibus";
      };
      buildConfigurationList = BUILD_CONFIG_LIST;
      compatibilityVersion = "Xcode 14.0";
      mainGroup = MAIN_GROUP;
      productRefGroup = MAIN_GROUP;
      projectDirPath = "";
      projectRoot = "";
      targets = (
        TARGET_UUID,
      );
    };
  };
  rootObject = PBXProject_MAIN;
}
